
Microsoft Visual Studio Solution File, Format Version 12.00
# Visual Studio Version 17
VisualStudioVersion = 17.5.33516.290
MinimumVisualStudioVersion = 10.0.40219.1
Project("{FAE04EC0-301F-11D3-BF4B-00C04F79EFBC}") = "NongSanCCnMT", "NongSanCCnMT\NongSanCCnMT.csproj", "{CA10BF60-35C5-49A0-AD40-DAD27B3CBDE5}"
EndProject
Global
	GlobalSection(SolutionConfigurationPlatforms) = preSolution
		Debug|Any CPU = Debug|Any CPU
		Release|Any CPU = Release|Any CPU
	EndGlobalSection
	GlobalSection(ProjectConfigurationPlatforms) = postSolution
		{CA10BF60-35C5-49A0-AD40-DAD27B3CBDE5}.Debug|Any CPU.ActiveCfg = Debug|Any CPU
		{CA10BF60-35C5-49A0-AD40-DAD27B3CBDE5}.Debug|Any CPU.Build.0 = Debug|Any CPU
		{CA10BF60-35C5-49A0-AD40-DAD27B3CBDE5}.Release|Any CPU.ActiveCfg = Release|Any CPU
		{CA10BF60-35C5-49A0-AD40-DAD27B3CBDE5}.Release|Any CPU.Build.0 = Release|Any CPU
	EndGlobalSection
	GlobalSection(SolutionProperties) = preSolution
		HideSolutionNode = FALSE
	EndGlobalSection
	GlobalSection(ExtensibilityGlobals) = postSolution
		SolutionGuid = {5F3607D2-DE27-45C0-B832-50B76EDEED04}
	EndGlobalSection
EndGlobal
